
Microsoft Visual Studio Solution File, Format Version 12.00
# Visual Studio Version 16
VisualStudioVersion = 16.0.29806.167
MinimumVisualStudioVersion = 10.0.40219.1
Project("{8BC9CEB8-8B4A-11D0-8D11-00A0C91BC942}") = "d3d9", "d3d9\d3d9.vcxproj", "{20A19115-83FB-48DA-A76E-F98854853C07}"
EndProject
Project("{8BC9CEB8-8B4A-11D0-8D11-00A0C91BC942}") = "Common", "Common\Common.vcxproj", "{8F752BF9-6D37-4F84-86BA-89E22D068851}"
EndProject
Project("{8BC9CEB8-8B4A-11D0-8D11-00A0C91BC942}") = "Steam_API", "Steam_API\Steam_API.vcxproj", "{09238F76-A666-4E68-B90D-45AE37529FA0}"
EndProject
Project("{8BC9CEB8-8B4A-11D0-8D11-00A0C91BC942}") = "GameHooks", "GameHooks\GameHooks.vcxproj", "{1BC95430-869C-40DF-9B7B-C65A566F1C59}"
EndProject
Project("{2150E333-8FDC-42A3-9474-1A3956D46DE8}") = "Libraries", "Libraries", "{ACDAF1D8-01F5-454B-A88C-CCA130ACF12E}"
EndProject
Project("{8BC9CEB8-8B4A-11D0-8D11-00A0C91BC942}") = "XAPOFX1_5", "XAPOFX1_5\XAPOFX1_5.vcxproj", "{BAC94A55-319C-48A2-B6A3-FC322BB9EBF2}"
EndProject
Project("{2150E333-8FDC-42A3-9474-1A3956D46DE8}") = "Generic", "Generic", "{AE37B9DE-B5FF-45C8-9A05-82B1291A0FC3}"
EndProject
Project("{8BC9CEB8-8B4A-11D0-8D11-00A0C91BC942}") = "HookInject", "HookInject\HookInject.vcxproj", "{E4716577-CFF0-4E0C-AE50-59A74D0D2176}"
EndProject
Global
	GlobalSection(SolutionConfigurationPlatforms) = preSolution
		BP|x64 = BP|x64
		BP|x86 = BP|x86
		Generic|x64 = Generic|x64
		Generic|x86 = Generic|x86
		WA|x64 = WA|x64
		WA|x86 = WA|x86
	EndGlobalSection
	GlobalSection(ProjectConfigurationPlatforms) = postSolution
		{20A19115-83FB-48DA-A76E-F98854853C07}.BP|x64.ActiveCfg = WA|x64
		{20A19115-83FB-48DA-A76E-F98854853C07}.BP|x86.ActiveCfg = WA|Win32
		{20A19115-83FB-48DA-A76E-F98854853C07}.Generic|x64.ActiveCfg = WA|x64
		{20A19115-83FB-48DA-A76E-F98854853C07}.Generic|x64.Build.0 = WA|x64
		{20A19115-83FB-48DA-A76E-F98854853C07}.Generic|x86.ActiveCfg = WA|Win32
		{20A19115-83FB-48DA-A76E-F98854853C07}.Generic|x86.Build.0 = WA|Win32
		{20A19115-83FB-48DA-A76E-F98854853C07}.WA|x64.ActiveCfg = WA|x64
		{20A19115-83FB-48DA-A76E-F98854853C07}.WA|x86.ActiveCfg = WA|Win32
		{20A19115-83FB-48DA-A76E-F98854853C07}.WA|x86.Build.0 = WA|Win32
		{8F752BF9-6D37-4F84-86BA-89E22D068851}.BP|x64.ActiveCfg = Release|x64
		{8F752BF9-6D37-4F84-86BA-89E22D068851}.BP|x64.Build.0 = Release|x64
		{8F752BF9-6D37-4F84-86BA-89E22D068851}.BP|x86.ActiveCfg = Release|Win32
		{8F752BF9-6D37-4F84-86BA-89E22D068851}.Generic|x64.ActiveCfg = Release|x64
		{8F752BF9-6D37-4F84-86BA-89E22D068851}.Generic|x64.Build.0 = Release|x64
		{8F752BF9-6D37-4F84-86BA-89E22D068851}.Generic|x86.ActiveCfg = Release|Win32
		{8F752BF9-6D37-4F84-86BA-89E22D068851}.Generic|x86.Build.0 = Release|Win32
		{8F752BF9-6D37-4F84-86BA-89E22D068851}.WA|x64.ActiveCfg = Release|x64
		{8F752BF9-6D37-4F84-86BA-89E22D068851}.WA|x86.ActiveCfg = Release|Win32
		{8F752BF9-6D37-4F84-86BA-89E22D068851}.WA|x86.Build.0 = Release|Win32
		{09238F76-A666-4E68-B90D-45AE37529FA0}.BP|x64.ActiveCfg = WA|x64
		{09238F76-A666-4E68-B90D-45AE37529FA0}.BP|x86.ActiveCfg = WA|Win32
		{09238F76-A666-4E68-B90D-45AE37529FA0}.Generic|x64.ActiveCfg = WA|x64
		{09238F76-A666-4E68-B90D-45AE37529FA0}.Generic|x64.Build.0 = WA|x64
		{09238F76-A666-4E68-B90D-45AE37529FA0}.Generic|x86.ActiveCfg = WA|Win32
		{09238F76-A666-4E68-B90D-45AE37529FA0}.Generic|x86.Build.0 = WA|Win32
		{09238F76-A666-4E68-B90D-45AE37529FA0}.WA|x64.ActiveCfg = WA|x64
		{09238F76-A666-4E68-B90D-45AE37529FA0}.WA|x86.ActiveCfg = WA|Win32
		{09238F76-A666-4E68-B90D-45AE37529FA0}.WA|x86.Build.0 = WA|Win32
		{1BC95430-869C-40DF-9B7B-C65A566F1C59}.BP|x64.ActiveCfg = BP|x64
		{1BC95430-869C-40DF-9B7B-C65A566F1C59}.BP|x64.Build.0 = BP|x64
		{1BC95430-869C-40DF-9B7B-C65A566F1C59}.BP|x86.ActiveCfg = BP|Win32
		{1BC95430-869C-40DF-9B7B-C65A566F1C59}.Generic|x64.ActiveCfg = WA|x64
		{1BC95430-869C-40DF-9B7B-C65A566F1C59}.Generic|x64.Build.0 = WA|x64
		{1BC95430-869C-40DF-9B7B-C65A566F1C59}.Generic|x86.ActiveCfg = WA|Win32
		{1BC95430-869C-40DF-9B7B-C65A566F1C59}.Generic|x86.Build.0 = WA|Win32
		{1BC95430-869C-40DF-9B7B-C65A566F1C59}.WA|x64.ActiveCfg = WA|x64
		{1BC95430-869C-40DF-9B7B-C65A566F1C59}.WA|x86.ActiveCfg = WA|Win32
		{1BC95430-869C-40DF-9B7B-C65A566F1C59}.WA|x86.Build.0 = WA|Win32
		{BAC94A55-319C-48A2-B6A3-FC322BB9EBF2}.BP|x64.ActiveCfg = BP|x64
		{BAC94A55-319C-48A2-B6A3-FC322BB9EBF2}.BP|x64.Build.0 = BP|x64
		{BAC94A55-319C-48A2-B6A3-FC322BB9EBF2}.BP|x86.ActiveCfg = BP|Win32
		{BAC94A55-319C-48A2-B6A3-FC322BB9EBF2}.Generic|x64.ActiveCfg = BP|x64
		{BAC94A55-319C-48A2-B6A3-FC322BB9EBF2}.Generic|x64.Build.0 = BP|x64
		{BAC94A55-319C-48A2-B6A3-FC322BB9EBF2}.Generic|x86.ActiveCfg = BP|Win32
		{BAC94A55-319C-48A2-B6A3-FC322BB9EBF2}.Generic|x86.Build.0 = BP|Win32
		{BAC94A55-319C-48A2-B6A3-FC322BB9EBF2}.WA|x64.ActiveCfg = BP|x64
		{BAC94A55-319C-48A2-B6A3-FC322BB9EBF2}.WA|x86.ActiveCfg = BP|Win32
		{E4716577-CFF0-4E0C-AE50-59A74D0D2176}.BP|x64.ActiveCfg = Generic|x64
		{E4716577-CFF0-4E0C-AE50-59A74D0D2176}.BP|x64.Build.0 = Generic|x64
		{E4716577-CFF0-4E0C-AE50-59A74D0D2176}.BP|x86.ActiveCfg = Generic|Win32
		{E4716577-CFF0-4E0C-AE50-59A74D0D2176}.BP|x86.Build.0 = Generic|Win32
		{E4716577-CFF0-4E0C-AE50-59A74D0D2176}.Generic|x64.ActiveCfg = Generic|x64
		{E4716577-CFF0-4E0C-AE50-59A74D0D2176}.Generic|x64.Build.0 = Generic|x64
		{E4716577-CFF0-4E0C-AE50-59A74D0D2176}.Generic|x86.ActiveCfg = Generic|Win32
		{E4716577-CFF0-4E0C-AE50-59A74D0D2176}.Generic|x86.Build.0 = Generic|Win32
		{E4716577-CFF0-4E0C-AE50-59A74D0D2176}.WA|x64.ActiveCfg = Generic|x64
		{E4716577-CFF0-4E0C-AE50-59A74D0D2176}.WA|x64.Build.0 = Generic|x64
		{E4716577-CFF0-4E0C-AE50-59A74D0D2176}.WA|x86.ActiveCfg = Generic|Win32
		{E4716577-CFF0-4E0C-AE50-59A74D0D2176}.WA|x86.Build.0 = Generic|Win32
	EndGlobalSection
	GlobalSection(SolutionProperties) = preSolution
		HideSolutionNode = FALSE
	EndGlobalSection
	GlobalSection(NestedProjects) = preSolution
		{8F752BF9-6D37-4F84-86BA-89E22D068851} = {ACDAF1D8-01F5-454B-A88C-CCA130ACF12E}
		{1BC95430-869C-40DF-9B7B-C65A566F1C59} = {ACDAF1D8-01F5-454B-A88C-CCA130ACF12E}
		{E4716577-CFF0-4E0C-AE50-59A74D0D2176} = {AE37B9DE-B5FF-45C8-9A05-82B1291A0FC3}
	EndGlobalSection
	GlobalSection(ExtensibilityGlobals) = postSolution
		SolutionGuid = {C2EB7653-B9A1-423C-BADF-CCE24FF64295}
	EndGlobalSection
EndGlobal
